// !$*UTF8*$!
{
	archiveVersion = 1;
	classes = {
	};
	objectVersion = 56;
	objects = {

/* Begin PBXBuildFile section */
		70047C5429A6269F00D567B4 /* GStructuer.swift in Sources */ = {isa = PBXBuildFile; fileRef = 70047C5329A6269F00D567B4 /* GStructuer.swift */; };
		70047C5629A626B300D567B4 /* GVaribles.swift in Sources */ = {isa = PBXBuildFile; fileRef = 70047C5529A626B300D567B4 /* GVaribles.swift */; };
		702E33C929B33DE600932433 /* AppDelegate.swift in Sources */ = {isa = PBXBuildFile; fileRef = 702E33C829B33DE600932433 /* AppDelegate.swift */; };
		702E33CB29B3406800932433 /* SocialMediaAuthenticationView.swift in Sources */ = {isa = PBXBuildFile; fileRef = 702E33CA29B3406800932433 /* SocialMediaAuthenticationView.swift */; };
		70689D9E29AC8B0E0036FE12 /* GoogleService-Info.plist in Resources */ = {isa = PBXBuildFile; fileRef = 70689D9D29AC8B0E0036FE12 /* GoogleService-Info.plist */; };
		70689DA029ACAB110036FE12 /* GEnumration.swift in Sources */ = {isa = PBXBuildFile; fileRef = 70689D9F29ACAB110036FE12 /* GEnumration.swift */; };
		7071A20529B5B27700172873 /* OTPTextFiled.swift in Sources */ = {isa = PBXBuildFile; fileRef = 7071A20429B5B27700172873 /* OTPTextFiled.swift */; };
		7071A20729B5B29B00172873 /* OTPViewModel.swift in Sources */ = {isa = PBXBuildFile; fileRef = 7071A20629B5B29B00172873 /* OTPViewModel.swift */; };
		70748A0229A5EDA600682178 /* MusicAPPApp.swift in Sources */ = {isa = PBXBuildFile; fileRef = 70748A0129A5EDA600682178 /* MusicAPPApp.swift */; };
		70748A0629A5EDA800682178 /* ColorAssets.xcassets in Resources */ = {isa = PBXBuildFile; fileRef = 70748A0529A5EDA800682178 /* ColorAssets.xcassets */; };
		70748A0929A5EDA800682178 /* Preview Assets.xcassets in Resources */ = {isa = PBXBuildFile; fileRef = 70748A0829A5EDA800682178 /* Preview Assets.xcassets */; };
		70877EF029B05EB500E6B6A0 /* ApplicationTitle.swift in Sources */ = {isa = PBXBuildFile; fileRef = 70877EEF29B05EB500E6B6A0 /* ApplicationTitle.swift */; };
		70877EF229B061E000E6B6A0 /* MiddleSignUpView.swift in Sources */ = {isa = PBXBuildFile; fileRef = 70877EF129B061E000E6B6A0 /* MiddleSignUpView.swift */; };
		708A359129A778D00076D539 /* CornerRadiusShap.swift in Sources */ = {isa = PBXBuildFile; fileRef = 708A359029A778D00076D539 /* CornerRadiusShap.swift */; };
		708A359329A779680076D539 /* LastPlayViewModel.swift in Sources */ = {isa = PBXBuildFile; fileRef = 708A359229A779680076D539 /* LastPlayViewModel.swift */; };
		708A359629A7798F0076D539 /* HomeModel.swift in Sources */ = {isa = PBXBuildFile; fileRef = 708A359529A7798F0076D539 /* HomeModel.swift */; };
		708A359829A7871A0076D539 /* YouFavArtistViewModel.swift in Sources */ = {isa = PBXBuildFile; fileRef = 708A359729A7871A0076D539 /* YouFavArtistViewModel.swift */; };
		708A359A29A789F80076D539 /* LastPlaycollectionView.swift in Sources */ = {isa = PBXBuildFile; fileRef = 708A359929A789F80076D539 /* LastPlaycollectionView.swift */; };
		708A359C29A78A120076D539 /* FavArtistsCircleView.swift in Sources */ = {isa = PBXBuildFile; fileRef = 708A359B29A78A120076D539 /* FavArtistsCircleView.swift */; };
		708A359E29A78DDB0076D539 /* MadeForYouCollectionViewModel.swift in Sources */ = {isa = PBXBuildFile; fileRef = 708A359D29A78DDB0076D539 /* MadeForYouCollectionViewModel.swift */; };
		709FC32F29A9C2510038A8C3 /* GoogleAutheticationViewModel.swift in Sources */ = {isa = PBXBuildFile; fileRef = 709FC32E29A9C2510038A8C3 /* GoogleAutheticationViewModel.swift */; };
		70AD850329A87A3900EF8851 /* MadeForYoucollectionPlayListRectangle.swift in Sources */ = {isa = PBXBuildFile; fileRef = 70AD850229A87A3900EF8851 /* MadeForYoucollectionPlayListRectangle.swift */; };
		70AD850529A87EE900EF8851 /* TipsViewModel.swift in Sources */ = {isa = PBXBuildFile; fileRef = 70AD850429A87EE900EF8851 /* TipsViewModel.swift */; };
		70AD850729A8896100EF8851 /* TipsRectangleView.swift in Sources */ = {isa = PBXBuildFile; fileRef = 70AD850629A8896100EF8851 /* TipsRectangleView.swift */; };
		70AD850929A88E6F00EF8851 /* DiscoverViewmodel.swift in Sources */ = {isa = PBXBuildFile; fileRef = 70AD850829A88E6F00EF8851 /* DiscoverViewmodel.swift */; };
		70AD850B29A8BEBB00EF8851 /* DiscoverView.swift in Sources */ = {isa = PBXBuildFile; fileRef = 70AD850A29A8BEBB00EF8851 /* DiscoverView.swift */; };
		70AD851229A8CD8E00EF8851 /* FirebaseAuth in Frameworks */ = {isa = PBXBuildFile; productRef = 70AD851129A8CD8E00EF8851 /* FirebaseAuth */; };
		70AD851529A8CDD500EF8851 /* GoogleSignIn in Frameworks */ = {isa = PBXBuildFile; productRef = 70AD851429A8CDD500EF8851 /* GoogleSignIn */; };
		70AD851729A8CDD500EF8851 /* GoogleSignInSwift in Frameworks */ = {isa = PBXBuildFile; productRef = 70AD851629A8CDD500EF8851 /* GoogleSignInSwift */; };
		70B0DABB29ADB4E500676891 /* EmailAuthenticationViewModel.swift in Sources */ = {isa = PBXBuildFile; fileRef = 70B0DABA29ADB4E500676891 /* EmailAuthenticationViewModel.swift */; };
		70CC626D29AF1AB200366026 /* DataModel.xcdatamodeld in Sources */ = {isa = PBXBuildFile; fileRef = 70CC626B29AF1AB200366026 /* DataModel.xcdatamodeld */; };
		70CC626F29AF1BF700366026 /* DataModelController.swift in Sources */ = {isa = PBXBuildFile; fileRef = 70CC626E29AF1BF700366026 /* DataModelController.swift */; };
		70D2EB5629A5EE4A00795D96 /* ImageAssets.xcassets in Resources */ = {isa = PBXBuildFile; fileRef = 70D2EB5529A5EE4A00795D96 /* ImageAssets.xcassets */; };
		70D2EB5B29A5EED700795D96 /* MusicRootView.swift in Sources */ = {isa = PBXBuildFile; fileRef = 70D2EB5A29A5EED700795D96 /* MusicRootView.swift */; };
		70D2EB5E29A5EEF000795D96 /* HomeView.swift in Sources */ = {isa = PBXBuildFile; fileRef = 70D2EB5D29A5EEF000795D96 /* HomeView.swift */; };
		70D2EB6229A5EF2A00795D96 /* SearchView.swift in Sources */ = {isa = PBXBuildFile; fileRef = 70D2EB6129A5EF2A00795D96 /* SearchView.swift */; };
		70D2EB6629A5EF5100795D96 /* LibraryView.swift in Sources */ = {isa = PBXBuildFile; fileRef = 70D2EB6529A5EF5100795D96 /* LibraryView.swift */; };
		70D2EB6A29A5EF6B00795D96 /* ProfileView.swift in Sources */ = {isa = PBXBuildFile; fileRef = 70D2EB6929A5EF6B00795D96 /* ProfileView.swift */; };
		70D2EB7329A5F2F400795D96 /* SignInView.swift in Sources */ = {isa = PBXBuildFile; fileRef = 70D2EB7229A5F2F400795D96 /* SignInView.swift */; };
		70D2EB7529A5F2FD00795D96 /* SignUpView.swift in Sources */ = {isa = PBXBuildFile; fileRef = 70D2EB7429A5F2FD00795D96 /* SignUpView.swift */; };
		70D2EB8729A5F6C100795D96 /* Fester_Trial-Bold.otf in Resources */ = {isa = PBXBuildFile; fileRef = 70D2EB7729A5F6C100795D96 /* Fester_Trial-Bold.otf */; };
		70D2EB8829A5F6C100795D96 /* Fester_Trial-RegularItalic.otf in Resources */ = {isa = PBXBuildFile; fileRef = 70D2EB7829A5F6C100795D96 /* Fester_Trial-RegularItalic.otf */; };
		70D2EB8929A5F6C100795D96 /* Fester_Trial-HeavyItalic.otf in Resources */ = {isa = PBXBuildFile; fileRef = 70D2EB7929A5F6C100795D96 /* Fester_Trial-HeavyItalic.otf */; };
		70D2EB8A29A5F6C100795D96 /* Fester_Trial-SemiBoldItalic.otf in Resources */ = {isa = PBXBuildFile; fileRef = 70D2EB7A29A5F6C100795D96 /* Fester_Trial-SemiBoldItalic.otf */; };
		70D2EB8B29A5F6C100795D96 /* Fester_Trial-ExtraLightItalic.otf in Resources */ = {isa = PBXBuildFile; fileRef = 70D2EB7B29A5F6C100795D96 /* Fester_Trial-ExtraLightItalic.otf */; };
		70D2EB8C29A5F6C100795D96 /* Fester_Trial-Heavy.otf in Resources */ = {isa = PBXBuildFile; fileRef = 70D2EB7C29A5F6C100795D96 /* Fester_Trial-Heavy.otf */; };
		70D2EB8D29A5F6C100795D96 /* Fester_Trial-Thin.otf in Resources */ = {isa = PBXBuildFile; fileRef = 70D2EB7D29A5F6C100795D96 /* Fester_Trial-Thin.otf */; };
		70D2EB8E29A5F6C100795D96 /* Fester_Trial-BoldItalic.otf in Resources */ = {isa = PBXBuildFile; fileRef = 70D2EB7E29A5F6C100795D96 /* Fester_Trial-BoldItalic.otf */; };
		70D2EB8F29A5F6C100795D96 /* Fester_Trial-LightItalic.otf in Resources */ = {isa = PBXBuildFile; fileRef = 70D2EB7F29A5F6C100795D96 /* Fester_Trial-LightItalic.otf */; };
		70D2EB9029A5F6C100795D96 /* Fester_Trial-Book.otf in Resources */ = {isa = PBXBuildFile; fileRef = 70D2EB8029A5F6C100795D96 /* Fester_Trial-Book.otf */; };
		70D2EB9129A5F6C100795D96 /* Fester_Trial-ExtraLight.otf in Resources */ = {isa = PBXBuildFile; fileRef = 70D2EB8129A5F6C100795D96 /* Fester_Trial-ExtraLight.otf */; };
		70D2EB9229A5F6C100795D96 /* Fester_Trial-Light.otf in Resources */ = {isa = PBXBuildFile; fileRef = 70D2EB8229A5F6C100795D96 /* Fester_Trial-Light.otf */; };
		70D2EB9329A5F6C100795D96 /* Fester_Trial-Regular.otf in Resources */ = {isa = PBXBuildFile; fileRef = 70D2EB8329A5F6C100795D96 /* Fester_Trial-Regular.otf */; };
		70D2EB9429A5F6C100795D96 /* Fester_Trial-BookItalic.otf in Resources */ = {isa = PBXBuildFile; fileRef = 70D2EB8429A5F6C100795D96 /* Fester_Trial-BookItalic.otf */; };
		70D2EB9529A5F6C100795D96 /* Fester_Trial-ThinItalic.otf in Resources */ = {isa = PBXBuildFile; fileRef = 70D2EB8529A5F6C100795D96 /* Fester_Trial-ThinItalic.otf */; };
		70D2EB9629A5F6C100795D96 /* Fester_Trial-SemiBold.otf in Resources */ = {isa = PBXBuildFile; fileRef = 70D2EB8629A5F6C100795D96 /* Fester_Trial-SemiBold.otf */; };
		70D2EB9929A60EF900795D96 /* Font+Extenstion.swift in Sources */ = {isa = PBXBuildFile; fileRef = 70D2EB9829A60EF900795D96 /* Font+Extenstion.swift */; };
		70D4C3A929B1B213001CAFAB /* iPhoneNumberField in Frameworks */ = {isa = PBXBuildFile; productRef = 70D4C3A829B1B213001CAFAB /* iPhoneNumberField */; };
		70D4C3AB29B1C8F2001CAFAB /* CustomPhoneNumberPad.swift in Sources */ = {isa = PBXBuildFile; fileRef = 70D4C3AA29B1C8F2001CAFAB /* CustomPhoneNumberPad.swift */; };
		70D4C3B229B1F01B001CAFAB /* OTPView.swift in Sources */ = {isa = PBXBuildFile; fileRef = 70D4C3B129B1F01B001CAFAB /* OTPView.swift */; };
		70E757F429B0C4D800E7E81C /* PhoneVerificationViewModel.swift in Sources */ = {isa = PBXBuildFile; fileRef = 70E757F329B0C4D800E7E81C /* PhoneVerificationViewModel.swift */; };
		70E757F629B0CB3600E7E81C /* PhoneVerifyView.swift in Sources */ = {isa = PBXBuildFile; fileRef = 70E757F529B0CB3600E7E81C /* PhoneVerifyView.swift */; };
		70EB267B29AF788F008A5656 /* TestingCoreData.swift in Sources */ = {isa = PBXBuildFile; fileRef = 70EB267A29AF788F008A5656 /* TestingCoreData.swift */; };
/* End PBXBuildFile section */

/* Begin PBXFileReference section */
		70047C5329A6269F00D567B4 /* GStructuer.swift */ = {isa = PBXFileReference; lastKnownFileType = sourcecode.swift; path = GStructuer.swift; sourceTree = "<group>"; };
		70047C5529A626B300D567B4 /* GVaribles.swift */ = {isa = PBXFileReference; lastKnownFileType = sourcecode.swift; path = GVaribles.swift; sourceTree = "<group>"; };
		702E33C829B33DE600932433 /* AppDelegate.swift */ = {isa = PBXFileReference; lastKnownFileType = sourcecode.swift; path = AppDelegate.swift; sourceTree = "<group>"; };
		702E33CA29B3406800932433 /* SocialMediaAuthenticationView.swift */ = {isa = PBXFileReference; lastKnownFileType = sourcecode.swift; path = SocialMediaAuthenticationView.swift; sourceTree = "<group>"; };
		70689D9D29AC8B0E0036FE12 /* GoogleService-Info.plist */ = {isa = PBXFileReference; fileEncoding = 4; lastKnownFileType = text.plist.xml; path = "GoogleService-Info.plist"; sourceTree = "<group>"; };
		70689D9F29ACAB110036FE12 /* GEnumration.swift */ = {isa = PBXFileReference; lastKnownFileType = sourcecode.swift; path = GEnumration.swift; sourceTree = "<group>"; };
		7071A20429B5B27700172873 /* OTPTextFiled.swift */ = {isa = PBXFileReference; lastKnownFileType = sourcecode.swift; path = OTPTextFiled.swift; sourceTree = "<group>"; };
		7071A20629B5B29B00172873 /* OTPViewModel.swift */ = {isa = PBXFileReference; lastKnownFileType = sourcecode.swift; path = OTPViewModel.swift; sourceTree = "<group>"; };
		707489FE29A5EDA600682178 /* MusicAPP.app */ = {isa = PBXFileReference; explicitFileType = wrapper.application; includeInIndex = 0; path = MusicAPP.app; sourceTree = BUILT_PRODUCTS_DIR; };
		70748A0129A5EDA600682178 /* MusicAPPApp.swift */ = {isa = PBXFileReference; lastKnownFileType = sourcecode.swift; path = MusicAPPApp.swift; sourceTree = "<group>"; };
		70748A0529A5EDA800682178 /* ColorAssets.xcassets */ = {isa = PBXFileReference; lastKnownFileType = folder.assetcatalog; path = ColorAssets.xcassets; sourceTree = "<group>"; };
		70748A0829A5EDA800682178 /* Preview Assets.xcassets */ = {isa = PBXFileReference; lastKnownFileType = folder.assetcatalog; path = "Preview Assets.xcassets"; sourceTree = "<group>"; };
		70877EEF29B05EB500E6B6A0 /* ApplicationTitle.swift */ = {isa = PBXFileReference; lastKnownFileType = sourcecode.swift; path = ApplicationTitle.swift; sourceTree = "<group>"; };
		70877EF129B061E000E6B6A0 /* MiddleSignUpView.swift */ = {isa = PBXFileReference; lastKnownFileType = sourcecode.swift; path = MiddleSignUpView.swift; sourceTree = "<group>"; };
		708A359029A778D00076D539 /* CornerRadiusShap.swift */ = {isa = PBXFileReference; lastKnownFileType = sourcecode.swift; path = CornerRadiusShap.swift; sourceTree = "<group>"; };
		708A359229A779680076D539 /* LastPlayViewModel.swift */ = {isa = PBXFileReference; lastKnownFileType = sourcecode.swift; path = LastPlayViewModel.swift; sourceTree = "<group>"; };
		708A359529A7798F0076D539 /* HomeModel.swift */ = {isa = PBXFileReference; lastKnownFileType = sourcecode.swift; path = HomeModel.swift; sourceTree = "<group>"; };
		708A359729A7871A0076D539 /* YouFavArtistViewModel.swift */ = {isa = PBXFileReference; lastKnownFileType = sourcecode.swift; path = YouFavArtistViewModel.swift; sourceTree = "<group>"; };
		708A359929A789F80076D539 /* LastPlaycollectionView.swift */ = {isa = PBXFileReference; lastKnownFileType = sourcecode.swift; path = LastPlaycollectionView.swift; sourceTree = "<group>"; };
		708A359B29A78A120076D539 /* FavArtistsCircleView.swift */ = {isa = PBXFileReference; lastKnownFileType = sourcecode.swift; path = FavArtistsCircleView.swift; sourceTree = "<group>"; };
		708A359D29A78DDB0076D539 /* MadeForYouCollectionViewModel.swift */ = {isa = PBXFileReference; lastKnownFileType = sourcecode.swift; path = MadeForYouCollectionViewModel.swift; sourceTree = "<group>"; };
		709FC32E29A9C2510038A8C3 /* GoogleAutheticationViewModel.swift */ = {isa = PBXFileReference; lastKnownFileType = sourcecode.swift; path = GoogleAutheticationViewModel.swift; sourceTree = "<group>"; };
		70AD850229A87A3900EF8851 /* MadeForYoucollectionPlayListRectangle.swift */ = {isa = PBXFileReference; lastKnownFileType = sourcecode.swift; path = MadeForYoucollectionPlayListRectangle.swift; sourceTree = "<group>"; };
		70AD850429A87EE900EF8851 /* TipsViewModel.swift */ = {isa = PBXFileReference; lastKnownFileType = sourcecode.swift; path = TipsViewModel.swift; sourceTree = "<group>"; };
		70AD850629A8896100EF8851 /* TipsRectangleView.swift */ = {isa = PBXFileReference; lastKnownFileType = sourcecode.swift; path = TipsRectangleView.swift; sourceTree = "<group>"; };
		70AD850829A88E6F00EF8851 /* DiscoverViewmodel.swift */ = {isa = PBXFileReference; lastKnownFileType = sourcecode.swift; path = DiscoverViewmodel.swift; sourceTree = "<group>"; };
		70AD850A29A8BEBB00EF8851 /* DiscoverView.swift */ = {isa = PBXFileReference; lastKnownFileType = sourcecode.swift; path = DiscoverView.swift; sourceTree = "<group>"; };
		70B0DABA29ADB4E500676891 /* EmailAuthenticationViewModel.swift */ = {isa = PBXFileReference; lastKnownFileType = sourcecode.swift; path = EmailAuthenticationViewModel.swift; sourceTree = "<group>"; };
		70CC626C29AF1AB200366026 /* DataModel.xcdatamodel */ = {isa = PBXFileReference; lastKnownFileType = wrapper.xcdatamodel; path = DataModel.xcdatamodel; sourceTree = "<group>"; };
		70CC626E29AF1BF700366026 /* DataModelController.swift */ = {isa = PBXFileReference; lastKnownFileType = sourcecode.swift; path = DataModelController.swift; sourceTree = "<group>"; };
		70D2EB5529A5EE4A00795D96 /* ImageAssets.xcassets */ = {isa = PBXFileReference; lastKnownFileType = folder.assetcatalog; path = ImageAssets.xcassets; sourceTree = "<group>"; };
		70D2EB5A29A5EED700795D96 /* MusicRootView.swift */ = {isa = PBXFileReference; lastKnownFileType = sourcecode.swift; path = MusicRootView.swift; sourceTree = "<group>"; };
		70D2EB5D29A5EEF000795D96 /* HomeView.swift */ = {isa = PBXFileReference; lastKnownFileType = sourcecode.swift; path = HomeView.swift; sourceTree = "<group>"; };
		70D2EB6129A5EF2A00795D96 /* SearchView.swift */ = {isa = PBXFileReference; lastKnownFileType = sourcecode.swift; path = SearchView.swift; sourceTree = "<group>"; };
		70D2EB6529A5EF5100795D96 /* LibraryView.swift */ = {isa = PBXFileReference; lastKnownFileType = sourcecode.swift; path = LibraryView.swift; sourceTree = "<group>"; };
		70D2EB6929A5EF6B00795D96 /* ProfileView.swift */ = {isa = PBXFileReference; lastKnownFileType = sourcecode.swift; path = ProfileView.swift; sourceTree = "<group>"; };
		70D2EB7229A5F2F400795D96 /* SignInView.swift */ = {isa = PBXFileReference; lastKnownFileType = sourcecode.swift; path = SignInView.swift; sourceTree = "<group>"; };
		70D2EB7429A5F2FD00795D96 /* SignUpView.swift */ = {isa = PBXFileReference; lastKnownFileType = sourcecode.swift; path = SignUpView.swift; sourceTree = "<group>"; };
		70D2EB7729A5F6C100795D96 /* Fester_Trial-Bold.otf */ = {isa = PBXFileReference; lastKnownFileType = file; path = "Fester_Trial-Bold.otf"; sourceTree = "<group>"; };
		70D2EB7829A5F6C100795D96 /* Fester_Trial-RegularItalic.otf */ = {isa = PBXFileReference; lastKnownFileType = file; path = "Fester_Trial-RegularItalic.otf"; sourceTree = "<group>"; };
		70D2EB7929A5F6C100795D96 /* Fester_Trial-HeavyItalic.otf */ = {isa = PBXFileReference; lastKnownFileType = file; path = "Fester_Trial-HeavyItalic.otf"; sourceTree = "<group>"; };
		70D2EB7A29A5F6C100795D96 /* Fester_Trial-SemiBoldItalic.otf */ = {isa = PBXFileReference; lastKnownFileType = file; path = "Fester_Trial-SemiBoldItalic.otf"; sourceTree = "<group>"; };
		70D2EB7B29A5F6C100795D96 /* Fester_Trial-ExtraLightItalic.otf */ = {isa = PBXFileReference; lastKnownFileType = file; path = "Fester_Trial-ExtraLightItalic.otf"; sourceTree = "<group>"; };
		70D2EB7C29A5F6C100795D96 /* Fester_Trial-Heavy.otf */ = {isa = PBXFileReference; lastKnownFileType = file; path = "Fester_Trial-Heavy.otf"; sourceTree = "<group>"; };
		70D2EB7D29A5F6C100795D96 /* Fester_Trial-Thin.otf */ = {isa = PBXFileReference; lastKnownFileType = file; path = "Fester_Trial-Thin.otf"; sourceTree = "<group>"; };
		70D2EB7E29A5F6C100795D96 /* Fester_Trial-BoldItalic.otf */ = {isa = PBXFileReference; lastKnownFileType = file; path = "Fester_Trial-BoldItalic.otf"; sourceTree = "<group>"; };
		70D2EB7F29A5F6C100795D96 /* Fester_Trial-LightItalic.otf */ = {isa = PBXFileReference; lastKnownFileType = file; path = "Fester_Trial-LightItalic.otf"; sourceTree = "<group>"; };
		70D2EB8029A5F6C100795D96 /* Fester_Trial-Book.otf */ = {isa = PBXFileReference; lastKnownFileType = file; path = "Fester_Trial-Book.otf"; sourceTree = "<group>"; };
		70D2EB8129A5F6C100795D96 /* Fester_Trial-ExtraLight.otf */ = {isa = PBXFileReference; lastKnownFileType = file; path = "Fester_Trial-ExtraLight.otf"; sourceTree = "<group>"; };
		70D2EB8229A5F6C100795D96 /* Fester_Trial-Light.otf */ = {isa = PBXFileReference; lastKnownFileType = file; path = "Fester_Trial-Light.otf"; sourceTree = "<group>"; };
		70D2EB8329A5F6C100795D96 /* Fester_Trial-Regular.otf */ = {isa = PBXFileReference; lastKnownFileType = file; path = "Fester_Trial-Regular.otf"; sourceTree = "<group>"; };
		70D2EB8429A5F6C100795D96 /* Fester_Trial-BookItalic.otf */ = {isa = PBXFileReference; lastKnownFileType = file; path = "Fester_Trial-BookItalic.otf"; sourceTree = "<group>"; };
		70D2EB8529A5F6C100795D96 /* Fester_Trial-ThinItalic.otf */ = {isa = PBXFileReference; lastKnownFileType = file; path = "Fester_Trial-ThinItalic.otf"; sourceTree = "<group>"; };
		70D2EB8629A5F6C100795D96 /* Fester_Trial-SemiBold.otf */ = {isa = PBXFileReference; lastKnownFileType = file; path = "Fester_Trial-SemiBold.otf"; sourceTree = "<group>"; };
		70D2EB9729A60B7100795D96 /* Info.plist */ = {isa = PBXFileReference; lastKnownFileType = text.plist.xml; path = Info.plist; sourceTree = "<group>"; };
		70D2EB9829A60EF900795D96 /* Font+Extenstion.swift */ = {isa = PBXFileReference; lastKnownFileType = sourcecode.swift; path = "Font+Extenstion.swift"; sourceTree = "<group>"; };
		70D4C3AA29B1C8F2001CAFAB /* CustomPhoneNumberPad.swift */ = {isa = PBXFileReference; lastKnownFileType = sourcecode.swift; path = CustomPhoneNumberPad.swift; sourceTree = "<group>"; };
		70D4C3B129B1F01B001CAFAB /* OTPView.swift */ = {isa = PBXFileReference; lastKnownFileType = sourcecode.swift; path = OTPView.swift; sourceTree = "<group>"; };
		70E757F329B0C4D800E7E81C /* PhoneVerificationViewModel.swift */ = {isa = PBXFileReference; lastKnownFileType = sourcecode.swift; path = PhoneVerificationViewModel.swift; sourceTree = "<group>"; };
		70E757F529B0CB3600E7E81C /* PhoneVerifyView.swift */ = {isa = PBXFileReference; lastKnownFileType = sourcecode.swift; path = PhoneVerifyView.swift; sourceTree = "<group>"; };
		70EB267A29AF788F008A5656 /* TestingCoreData.swift */ = {isa = PBXFileReference; lastKnownFileType = sourcecode.swift; path = TestingCoreData.swift; sourceTree = "<group>"; };
/* End PBXFileReference section */

/* Begin PBXFrameworksBuildPhase section */
		707489FB29A5EDA600682178 /* Frameworks */ = {
			isa = PBXFrameworksBuildPhase;
			buildActionMask = 2147483647;
			files = (
				70AD851729A8CDD500EF8851 /* GoogleSignInSwift in Frameworks */,
				70D4C3A929B1B213001CAFAB /* iPhoneNumberField in Frameworks */,
				70AD851229A8CD8E00EF8851 /* FirebaseAuth in Frameworks */,
				70AD851529A8CDD500EF8851 /* GoogleSignIn in Frameworks */,
			);
			runOnlyForDeploymentPostprocessing = 0;
		};
/* End PBXFrameworksBuildPhase section */

/* Begin PBXGroup section */
		701E463E29A63D5D005511E6 /* Viewmodel */ = {
			isa = PBXGroup;
			children = (
				7071A20629B5B29B00172873 /* OTPViewModel.swift */,
			);
			path = Viewmodel;
			sourceTree = "<group>";
		};
		707489F529A5EDA600682178 = {
			isa = PBXGroup;
			children = (
				70748A0029A5EDA600682178 /* MusicAPP */,
				707489FF29A5EDA600682178 /* Products */,
			);
			sourceTree = "<group>";
		};
		707489FF29A5EDA600682178 /* Products */ = {
			isa = PBXGroup;
			children = (
				707489FE29A5EDA600682178 /* MusicAPP.app */,
			);
			name = Products;
			sourceTree = "<group>";
		};
		70748A0029A5EDA600682178 /* MusicAPP */ = {
			isa = PBXGroup;
			children = (
				70D2EB5329A5EE2D00795D96 /* Base */,
				70CC626029AF101C00366026 /* CoreData */,
				70D2EB5229A5EE2700795D96 /* Resorces */,
				70D2EB5129A5EE2000795D96 /* Utility */,
				70D2EB5029A5EE1B00795D96 /* Model */,
				70D2EB4F29A5EE1500795D96 /* View */,
				70748A0729A5EDA800682178 /* Preview Content */,
			);
			path = MusicAPP;
			sourceTree = "<group>";
		};
		70748A0729A5EDA800682178 /* Preview Content */ = {
			isa = PBXGroup;
			children = (
				70748A0829A5EDA800682178 /* Preview Assets.xcassets */,
			);
			path = "Preview Content";
			sourceTree = "<group>";
		};
		70B0DABD29ADB56700676891 /* ViewModel */ = {
			isa = PBXGroup;
			children = (
			);
			path = ViewModel;
			sourceTree = "<group>";
		};
		70CC626029AF101C00366026 /* CoreData */ = {
			isa = PBXGroup;
			children = (
				70CC626B29AF1AB200366026 /* DataModel.xcdatamodeld */,
				70CC626E29AF1BF700366026 /* DataModelController.swift */,
			);
			path = CoreData;
			sourceTree = "<group>";
		};
		70D2EB4F29A5EE1500795D96 /* View */ = {
			isa = PBXGroup;
			children = (
				70EB267A29AF788F008A5656 /* TestingCoreData.swift */,
				70D2EB5929A5EEB200795D96 /* Authentication */,
				70D2EB5829A5EEA700795D96 /* Tabbar */,
			);
			path = View;
			sourceTree = "<group>";
		};
		70D2EB5029A5EE1B00795D96 /* Model */ = {
			isa = PBXGroup;
			children = (
				708A359529A7798F0076D539 /* HomeModel.swift */,
			);
			path = Model;
			sourceTree = "<group>";
		};
		70D2EB5129A5EE2000795D96 /* Utility */ = {
			isa = PBXGroup;
			children = (
				70D2EB5729A5EE8E00795D96 /* Extenstion */,
				70047C5329A6269F00D567B4 /* GStructuer.swift */,
				70047C5529A626B300D567B4 /* GVaribles.swift */,
				708A359029A778D00076D539 /* CornerRadiusShap.swift */,
				70689D9F29ACAB110036FE12 /* GEnumration.swift */,
			);
			path = Utility;
			sourceTree = "<group>";
		};
		70D2EB5229A5EE2700795D96 /* Resorces */ = {
			isa = PBXGroup;
			children = (
				70D2EB7629A5F67900795D96 /* Fonts */,
				70D2EB5429A5EE3400795D96 /* Assets */,
			);
			path = Resorces;
			sourceTree = "<group>";
		};
		70D2EB5329A5EE2D00795D96 /* Base */ = {
			isa = PBXGroup;
			children = (
				70748A0129A5EDA600682178 /* MusicAPPApp.swift */,
				702E33C829B33DE600932433 /* AppDelegate.swift */,
				70689D9D29AC8B0E0036FE12 /* GoogleService-Info.plist */,
				70D2EB9729A60B7100795D96 /* Info.plist */,
			);
			path = Base;
			sourceTree = "<group>";
		};
		70D2EB5429A5EE3400795D96 /* Assets */ = {
			isa = PBXGroup;
			children = (
				70748A0529A5EDA800682178 /* ColorAssets.xcassets */,
				70D2EB5529A5EE4A00795D96 /* ImageAssets.xcassets */,
			);
			path = Assets;
			sourceTree = "<group>";
		};
		70D2EB5729A5EE8E00795D96 /* Extenstion */ = {
			isa = PBXGroup;
			children = (
				70D2EB9829A60EF900795D96 /* Font+Extenstion.swift */,
			);
			path = Extenstion;
			sourceTree = "<group>";
		};
		70D2EB5829A5EEA700795D96 /* Tabbar */ = {
			isa = PBXGroup;
			children = (
				70D2EB5A29A5EED700795D96 /* MusicRootView.swift */,
				70D2EB5C29A5EEE600795D96 /* Home */,
				70D2EB6029A5EEFC00795D96 /* Search */,
				70D2EB6429A5EF3900795D96 /* Your Library */,
				70D2EB6829A5EF5F00795D96 /* Profile */,
			);
			path = Tabbar;
			sourceTree = "<group>";
		};
		70D2EB5929A5EEB200795D96 /* Authentication */ = {
			isa = PBXGroup;
			children = (
				709FC32E29A9C2510038A8C3 /* GoogleAutheticationViewModel.swift */,
				70B0DABA29ADB4E500676891 /* EmailAuthenticationViewModel.swift */,
				70E757F329B0C4D800E7E81C /* PhoneVerificationViewModel.swift */,
				70877EEF29B05EB500E6B6A0 /* ApplicationTitle.swift */,
				70D2EB6D29A5EFC400795D96 /* SignIN */,
				70D2EB6E29A5EFD000795D96 /* SignUp */,
			);
			path = Authentication;
			sourceTree = "<group>";
		};
		70D2EB5C29A5EEE600795D96 /* Home */ = {
			isa = PBXGroup;
			children = (
				70D2EB5F29A5EEF300795D96 /* HomeViewModel */,
				70D2EB5D29A5EEF000795D96 /* HomeView.swift */,
				708A359929A789F80076D539 /* LastPlaycollectionView.swift */,
				708A359B29A78A120076D539 /* FavArtistsCircleView.swift */,
				70AD850229A87A3900EF8851 /* MadeForYoucollectionPlayListRectangle.swift */,
				70AD850629A8896100EF8851 /* TipsRectangleView.swift */,
				70AD850A29A8BEBB00EF8851 /* DiscoverView.swift */,
			);
			path = Home;
			sourceTree = "<group>";
		};
		70D2EB5F29A5EEF300795D96 /* HomeViewModel */ = {
			isa = PBXGroup;
			children = (
				708A359229A779680076D539 /* LastPlayViewModel.swift */,
				708A359729A7871A0076D539 /* YouFavArtistViewModel.swift */,
				708A359D29A78DDB0076D539 /* MadeForYouCollectionViewModel.swift */,
				70AD850429A87EE900EF8851 /* TipsViewModel.swift */,
				70AD850829A88E6F00EF8851 /* DiscoverViewmodel.swift */,
			);
			path = HomeViewModel;
			sourceTree = "<group>";
		};
		70D2EB6029A5EEFC00795D96 /* Search */ = {
			isa = PBXGroup;
			children = (
				70D2EB6329A5EF2E00795D96 /* SerachViewModel */,
				70D2EB6129A5EF2A00795D96 /* SearchView.swift */,
			);
			path = Search;
			sourceTree = "<group>";
		};
		70D2EB6329A5EF2E00795D96 /* SerachViewModel */ = {
			isa = PBXGroup;
			children = (
			);
			path = SerachViewModel;
			sourceTree = "<group>";
		};
		70D2EB6429A5EF3900795D96 /* Your Library */ = {
			isa = PBXGroup;
			children = (
				70D2EB6729A5EF5400795D96 /* LibrearyViewModel */,
				70D2EB6529A5EF5100795D96 /* LibraryView.swift */,
			);
			path = "Your Library";
			sourceTree = "<group>";
		};
		70D2EB6729A5EF5400795D96 /* LibrearyViewModel */ = {
			isa = PBXGroup;
			children = (
			);
			path = LibrearyViewModel;
			sourceTree = "<group>";
		};
		70D2EB6829A5EF5F00795D96 /* Profile */ = {
			isa = PBXGroup;
			children = (
				70D2EB6C29A5EF8100795D96 /* ProfileViewModel */,
				70D2EB6929A5EF6B00795D96 /* ProfileView.swift */,
			);
			path = Profile;
			sourceTree = "<group>";
		};
		70D2EB6C29A5EF8100795D96 /* ProfileViewModel */ = {
			isa = PBXGroup;
			children = (
			);
			path = ProfileViewModel;
			sourceTree = "<group>";
		};
		70D2EB6D29A5EFC400795D96 /* SignIN */ = {
			isa = PBXGroup;
			children = (
				701E463E29A63D5D005511E6 /* Viewmodel */,
				70D2EB7229A5F2F400795D96 /* SignInView.swift */,
				70E757F529B0CB3600E7E81C /* PhoneVerifyView.swift */,
				70D4C3B129B1F01B001CAFAB /* OTPView.swift */,
				702E33CA29B3406800932433 /* SocialMediaAuthenticationView.swift */,
				70D4C3AA29B1C8F2001CAFAB /* CustomPhoneNumberPad.swift */,
				7071A20429B5B27700172873 /* OTPTextFiled.swift */,
			);
			path = SignIN;
			sourceTree = "<group>";
		};
		70D2EB6E29A5EFD000795D96 /* SignUp */ = {
			isa = PBXGroup;
			children = (
				70B0DABD29ADB56700676891 /* ViewModel */,
				70D2EB7429A5F2FD00795D96 /* SignUpView.swift */,
				70877EF129B061E000E6B6A0 /* MiddleSignUpView.swift */,
			);
			path = SignUp;
			sourceTree = "<group>";
		};
		70D2EB7629A5F67900795D96 /* Fonts */ = {
			isa = PBXGroup;
			children = (
				70D2EB7729A5F6C100795D96 /* Fester_Trial-Bold.otf */,
				70D2EB7E29A5F6C100795D96 /* Fester_Trial-BoldItalic.otf */,
				70D2EB8029A5F6C100795D96 /* Fester_Trial-Book.otf */,
				70D2EB8429A5F6C100795D96 /* Fester_Trial-BookItalic.otf */,
				70D2EB8129A5F6C100795D96 /* Fester_Trial-ExtraLight.otf */,
				70D2EB7B29A5F6C100795D96 /* Fester_Trial-ExtraLightItalic.otf */,
				70D2EB7C29A5F6C100795D96 /* Fester_Trial-Heavy.otf */,
				70D2EB7929A5F6C100795D96 /* Fester_Trial-HeavyItalic.otf */,
				70D2EB8229A5F6C100795D96 /* Fester_Trial-Light.otf */,
				70D2EB7F29A5F6C100795D96 /* Fester_Trial-LightItalic.otf */,
				70D2EB8329A5F6C100795D96 /* Fester_Trial-Regular.otf */,
				70D2EB7829A5F6C100795D96 /* Fester_Trial-RegularItalic.otf */,
				70D2EB8629A5F6C100795D96 /* Fester_Trial-SemiBold.otf */,
				70D2EB7A29A5F6C100795D96 /* Fester_Trial-SemiBoldItalic.otf */,
				70D2EB7D29A5F6C100795D96 /* Fester_Trial-Thin.otf */,
				70D2EB8529A5F6C100795D96 /* Fester_Trial-ThinItalic.otf */,
			);
			path = Fonts;
			sourceTree = "<group>";
		};
/* End PBXGroup section */

/* Begin PBXNativeTarget section */
		707489FD29A5EDA600682178 /* MusicAPP */ = {
			isa = PBXNativeTarget;
			buildConfigurationList = 70748A0C29A5EDA800682178 /* Build configuration list for PBXNativeTarget "MusicAPP" */;
			buildPhases = (
				707489FA29A5EDA600682178 /* Sources */,
				707489FB29A5EDA600682178 /* Frameworks */,
				707489FC29A5EDA600682178 /* Resources */,
			);
			buildRules = (
			);
			dependencies = (
			);
			name = MusicAPP;
			packageProductDependencies = (
				70AD851129A8CD8E00EF8851 /* FirebaseAuth */,
				70AD851429A8CDD500EF8851 /* GoogleSignIn */,
				70AD851629A8CDD500EF8851 /* GoogleSignInSwift */,
				70D4C3A829B1B213001CAFAB /* iPhoneNumberField */,
			);
			productName = MusicAPP;
			productReference = 707489FE29A5EDA600682178 /* MusicAPP.app */;
			productType = "com.apple.product-type.application";
		};
/* End PBXNativeTarget section */

/* Begin PBXProject section */
		707489F629A5EDA600682178 /* Project object */ = {
			isa = PBXProject;
			attributes = {
				BuildIndependentTargetsInParallel = 1;
				LastSwiftUpdateCheck = 1410;
				LastUpgradeCheck = 1410;
				TargetAttributes = {
					707489FD29A5EDA600682178 = {
						CreatedOnToolsVersion = 14.1;
					};
				};
			};
			buildConfigurationList = 707489F929A5EDA600682178 /* Build configuration list for PBXProject "MusicAPP" */;
			compatibilityVersion = "Xcode 14.0";
			developmentRegion = en;
			hasScannedForEncodings = 0;
			knownRegions = (
				en,
				Base,
			);
			mainGroup = 707489F529A5EDA600682178;
			packageReferences = (
				70AD851029A8CD8E00EF8851 /* XCRemoteSwiftPackageReference "firebase-ios-sdk" */,
				70AD851329A8CDD400EF8851 /* XCRemoteSwiftPackageReference "GoogleSignin-iOS" */,
				70D4C3A729B1B213001CAFAB /* XCRemoteSwiftPackageReference "iPhoneNumberField" */,
			);
			productRefGroup = 707489FF29A5EDA600682178 /* Products */;
			projectDirPath = "";
			projectRoot = "";
			targets = (
				707489FD29A5EDA600682178 /* MusicAPP */,
			);
		};
/* End PBXProject section */

/* Begin PBXResourcesBuildPhase section */
		707489FC29A5EDA600682178 /* Resources */ = {
			isa = PBXResourcesBuildPhase;
			buildActionMask = 2147483647;
			files = (
				70748A0929A5EDA800682178 /* Preview Assets.xcassets in Resources */,
				70D2EB8B29A5F6C100795D96 /* Fester_Trial-ExtraLightItalic.otf in Resources */,
				70D2EB9329A5F6C100795D96 /* Fester_Trial-Regular.otf in Resources */,
				70D2EB8929A5F6C100795D96 /* Fester_Trial-HeavyItalic.otf in Resources */,
				70D2EB9529A5F6C100795D96 /* Fester_Trial-ThinItalic.otf in Resources */,
				70D2EB8829A5F6C100795D96 /* Fester_Trial-RegularItalic.otf in Resources */,
				70D2EB8E29A5F6C100795D96 /* Fester_Trial-BoldItalic.otf in Resources */,
				70D2EB9129A5F6C100795D96 /* Fester_Trial-ExtraLight.otf in Resources */,
				70D2EB8D29A5F6C100795D96 /* Fester_Trial-Thin.otf in Resources */,
				70D2EB8F29A5F6C100795D96 /* Fester_Trial-LightItalic.otf in Resources */,
				70748A0629A5EDA800682178 /* ColorAssets.xcassets in Resources */,
				70D2EB8A29A5F6C100795D96 /* Fester_Trial-SemiBoldItalic.otf in Resources */,
				70D2EB8729A5F6C100795D96 /* Fester_Trial-Bold.otf in Resources */,
				70D2EB9029A5F6C100795D96 /* Fester_Trial-Book.otf in Resources */,
				70D2EB9229A5F6C100795D96 /* Fester_Trial-Light.otf in Resources */,
				70D2EB8C29A5F6C100795D96 /* Fester_Trial-Heavy.otf in Resources */,
				70D2EB5629A5EE4A00795D96 /* ImageAssets.xcassets in Resources */,
				70689D9E29AC8B0E0036FE12 /* GoogleService-Info.plist in Resources */,
				70D2EB9429A5F6C100795D96 /* Fester_Trial-BookItalic.otf in Resources */,
				70D2EB9629A5F6C100795D96 /* Fester_Trial-SemiBold.otf in Resources */,
			);
			runOnlyForDeploymentPostprocessing = 0;
		};
/* End PBXResourcesBuildPhase section */

/* Begin PBXSourcesBuildPhase section */
		707489FA29A5EDA600682178 /* Sources */ = {
			isa = PBXSourcesBuildPhase;
			buildActionMask = 2147483647;
			files = (
				708A359A29A789F80076D539 /* LastPlaycollectionView.swift in Sources */,
				70877EF029B05EB500E6B6A0 /* ApplicationTitle.swift in Sources */,
				70CC626D29AF1AB200366026 /* DataModel.xcdatamodeld in Sources */,
				70D2EB6229A5EF2A00795D96 /* SearchView.swift in Sources */,
				70AD850929A88E6F00EF8851 /* DiscoverViewmodel.swift in Sources */,
				70877EF229B061E000E6B6A0 /* MiddleSignUpView.swift in Sources */,
				70D2EB7329A5F2F400795D96 /* SignInView.swift in Sources */,
				70D2EB5E29A5EEF000795D96 /* HomeView.swift in Sources */,
				70E757F429B0C4D800E7E81C /* PhoneVerificationViewModel.swift in Sources */,
				708A359829A7871A0076D539 /* YouFavArtistViewModel.swift in Sources */,
				70EB267B29AF788F008A5656 /* TestingCoreData.swift in Sources */,
				708A359E29A78DDB0076D539 /* MadeForYouCollectionViewModel.swift in Sources */,
				702E33C929B33DE600932433 /* AppDelegate.swift in Sources */,
				70D2EB5B29A5EED700795D96 /* MusicRootView.swift in Sources */,
				70AD850529A87EE900EF8851 /* TipsViewModel.swift in Sources */,
				70B0DABB29ADB4E500676891 /* EmailAuthenticationViewModel.swift in Sources */,
				70CC626F29AF1BF700366026 /* DataModelController.swift in Sources */,
				708A359329A779680076D539 /* LastPlayViewModel.swift in Sources */,
				709FC32F29A9C2510038A8C3 /* GoogleAutheticationViewModel.swift in Sources */,
				702E33CB29B3406800932433 /* SocialMediaAuthenticationView.swift in Sources */,
				70E757F629B0CB3600E7E81C /* PhoneVerifyView.swift in Sources */,
				70AD850329A87A3900EF8851 /* MadeForYoucollectionPlayListRectangle.swift in Sources */,
				70047C5629A626B300D567B4 /* GVaribles.swift in Sources */,
				70D4C3B229B1F01B001CAFAB /* OTPView.swift in Sources */,
				708A359129A778D00076D539 /* CornerRadiusShap.swift in Sources */,
				70D2EB7529A5F2FD00795D96 /* SignUpView.swift in Sources */,
				708A359629A7798F0076D539 /* HomeModel.swift in Sources */,
				708A359C29A78A120076D539 /* FavArtistsCircleView.swift in Sources */,
				70D2EB6629A5EF5100795D96 /* LibraryView.swift in Sources */,
				70D4C3AB29B1C8F2001CAFAB /* CustomPhoneNumberPad.swift in Sources */,
				70D2EB9929A60EF900795D96 /* Font+Extenstion.swift in Sources */,
				70047C5429A6269F00D567B4 /* GStructuer.swift in Sources */,
				70D2EB6A29A5EF6B00795D96 /* ProfileView.swift in Sources */,
				70AD850729A8896100EF8851 /* TipsRectangleView.swift in Sources */,
				70748A0229A5EDA600682178 /* MusicAPPApp.swift in Sources */,
				7071A20529B5B27700172873 /* OTPTextFiled.swift in Sources */,
				70689DA029ACAB110036FE12 /* GEnumration.swift in Sources */,
				70AD850B29A8BEBB00EF8851 /* DiscoverView.swift in Sources */,
				7071A20729B5B29B00172873 /* OTPViewModel.swift in Sources */,
			);
			runOnlyForDeploymentPostprocessing = 0;
		};
/* End PBXSourcesBuildPhase section */

/* Begin XCBuildConfiguration section */
		70748A0A29A5EDA800682178 /* Debug */ = {
			isa = XCBuildConfiguration;
			buildSettings = {
				ALWAYS_SEARCH_USER_PATHS = NO;
				CLANG_ANALYZER_NONNULL = YES;
				CLANG_ANALYZER_NUMBER_OBJECT_CONVERSION = YES_AGGRESSIVE;
				CLANG_CXX_LANGUAGE_STANDARD = "gnu++20";
				CLANG_ENABLE_MODULES = YES;
				CLANG_ENABLE_OBJC_ARC = YES;
				CLANG_ENABLE_OBJC_WEAK = YES;
				CLANG_WARN_BLOCK_CAPTURE_AUTORELEASING = YES;
				CLANG_WARN_BOOL_CONVERSION = YES;
				CLANG_WARN_COMMA = YES;
				CLANG_WARN_CONSTANT_CONVERSION = YES;
				CLANG_WARN_DEPRECATED_OBJC_IMPLEMENTATIONS = YES;
				CLANG_WARN_DIRECT_OBJC_ISA_USAGE = YES_ERROR;
				CLANG_WARN_DOCUMENTATION_COMMENTS = YES;
				CLANG_WARN_EMPTY_BODY = YES;
				CLANG_WARN_ENUM_CONVERSION = YES;
				CLANG_WARN_INFINITE_RECURSION = YES;
				CLANG_WARN_INT_CONVERSION = YES;
				CLANG_WARN_NON_LITERAL_NULL_CONVERSION = YES;
				CLANG_WARN_OBJC_IMPLICIT_RETAIN_SELF = YES;
				CLANG_WARN_OBJC_LITERAL_CONVERSION = YES;
				CLANG_WARN_OBJC_ROOT_CLASS = YES_ERROR;
				CLANG_WARN_QUOTED_INCLUDE_IN_FRAMEWORK_HEADER = YES;
				CLANG_WARN_RANGE_LOOP_ANALYSIS = YES;
				CLANG_WARN_STRICT_PROTOTYPES = YES;
				CLANG_WARN_SUSPICIOUS_MOVE = YES;
				CLANG_WARN_UNGUARDED_AVAILABILITY = YES_AGGRESSIVE;
				CLANG_WARN_UNREACHABLE_CODE = YES;
				CLANG_WARN__DUPLICATE_METHOD_MATCH = YES;
				COPY_PHASE_STRIP = NO;
				DEBUG_INFORMATION_FORMAT = dwarf;
				ENABLE_STRICT_OBJC_MSGSEND = YES;
				ENABLE_TESTABILITY = YES;
				GCC_C_LANGUAGE_STANDARD = gnu11;
				GCC_DYNAMIC_NO_PIC = NO;
				GCC_NO_COMMON_BLOCKS = YES;
				GCC_OPTIMIZATION_LEVEL = 0;
				GCC_PREPROCESSOR_DEFINITIONS = (
					"DEBUG=1",
					"$(inherited)",
				);
				GCC_WARN_64_TO_32_BIT_CONVERSION = YES;
				GCC_WARN_ABOUT_RETURN_TYPE = YES_ERROR;
				GCC_WARN_UNDECLARED_SELECTOR = YES;
				GCC_WARN_UNINITIALIZED_AUTOS = YES_AGGRESSIVE;
				GCC_WARN_UNUSED_FUNCTION = YES;
				GCC_WARN_UNUSED_VARIABLE = YES;
				IPHONEOS_DEPLOYMENT_TARGET = 16.1;
				MTL_ENABLE_DEBUG_INFO = INCLUDE_SOURCE;
				MTL_FAST_MATH = YES;
				ONLY_ACTIVE_ARCH = YES;
				SDKROOT = iphoneos;
				SWIFT_ACTIVE_COMPILATION_CONDITIONS = DEBUG;
				SWIFT_OPTIMIZATION_LEVEL = "-Onone";
			};
			name = Debug;
		};
		70748A0B29A5EDA800682178 /* Release */ = {
			isa = XCBuildConfiguration;
			buildSettings = {
				ALWAYS_SEARCH_USER_PATHS = NO;
				CLANG_ANALYZER_NONNULL = YES;
				CLANG_ANALYZER_NUMBER_OBJECT_CONVERSION = YES_AGGRESSIVE;
				CLANG_CXX_LANGUAGE_STANDARD = "gnu++20";
				CLANG_ENABLE_MODULES = YES;
				CLANG_ENABLE_OBJC_ARC = YES;
				CLANG_ENABLE_OBJC_WEAK = YES;
				CLANG_WARN_BLOCK_CAPTURE_AUTORELEASING = YES;
				CLANG_WARN_BOOL_CONVERSION = YES;
				CLANG_WARN_COMMA = YES;
				CLANG_WARN_CONSTANT_CONVERSION = YES;
				CLANG_WARN_DEPRECATED_OBJC_IMPLEMENTATIONS = YES;
				CLANG_WARN_DIRECT_OBJC_ISA_USAGE = YES_ERROR;
				CLANG_WARN_DOCUMENTATION_COMMENTS = YES;
				CLANG_WARN_EMPTY_BODY = YES;
				CLANG_WARN_ENUM_CONVERSION = YES;
				CLANG_WARN_INFINITE_RECURSION = YES;
				CLANG_WARN_INT_CONVERSION = YES;
				CLANG_WARN_NON_LITERAL_NULL_CONVERSION = YES;
				CLANG_WARN_OBJC_IMPLICIT_RETAIN_SELF = YES;
				CLANG_WARN_OBJC_LITERAL_CONVERSION = YES;
				CLANG_WARN_OBJC_ROOT_CLASS = YES_ERROR;
				CLANG_WARN_QUOTED_INCLUDE_IN_FRAMEWORK_HEADER = YES;
				CLANG_WARN_RANGE_LOOP_ANALYSIS = YES;
				CLANG_WARN_STRICT_PROTOTYPES = YES;
				CLANG_WARN_SUSPICIOUS_MOVE = YES;
				CLANG_WARN_UNGUARDED_AVAILABILITY = YES_AGGRESSIVE;
				CLANG_WARN_UNREACHABLE_CODE = YES;
				CLANG_WARN__DUPLICATE_METHOD_MATCH = YES;
				COPY_PHASE_STRIP = NO;
				DEBUG_INFORMATION_FORMAT = "dwarf-with-dsym";
				ENABLE_NS_ASSERTIONS = NO;
				ENABLE_STRICT_OBJC_MSGSEND = YES;
				GCC_C_LANGUAGE_STANDARD = gnu11;
				GCC_NO_COMMON_BLOCKS = YES;
				GCC_WARN_64_TO_32_BIT_CONVERSION = YES;
				GCC_WARN_ABOUT_RETURN_TYPE = YES_ERROR;
				GCC_WARN_UNDECLARED_SELECTOR = YES;
				GCC_WARN_UNINITIALIZED_AUTOS = YES_AGGRESSIVE;
				GCC_WARN_UNUSED_FUNCTION = YES;
				GCC_WARN_UNUSED_VARIABLE = YES;
				IPHONEOS_DEPLOYMENT_TARGET = 16.1;
				MTL_ENABLE_DEBUG_INFO = NO;
				MTL_FAST_MATH = YES;
				SDKROOT = iphoneos;
				SWIFT_COMPILATION_MODE = wholemodule;
				SWIFT_OPTIMIZATION_LEVEL = "-O";
				VALIDATE_PRODUCT = YES;
			};
			name = Release;
		};
		70748A0D29A5EDA800682178 /* Debug */ = {
			isa = XCBuildConfiguration;
			buildSettings = {
				ASSETCATALOG_COMPILER_APPICON_NAME = AppIcon;
				ASSETCATALOG_COMPILER_GLOBAL_ACCENT_COLOR_NAME = AccentColor;
				CODE_SIGN_STYLE = Automatic;
				CURRENT_PROJECT_VERSION = 1;
				DEVELOPMENT_ASSET_PATHS = "\"MusicAPP/Preview Content\"";
				ENABLE_PREVIEWS = YES;
				GENERATE_INFOPLIST_FILE = YES;
				INFOPLIST_FILE = MusicAPP/Info.plist;
				INFOPLIST_KEY_UIApplicationSceneManifest_Generation = YES;
				INFOPLIST_KEY_UIApplicationSupportsIndirectInputEvents = YES;
				INFOPLIST_KEY_UILaunchScreen_Generation = YES;
				INFOPLIST_KEY_UISupportedInterfaceOrientations_iPad = "UIInterfaceOrientationPortrait UIInterfaceOrientationPortraitUpsideDown UIInterfaceOrientationLandscapeLeft UIInterfaceOrientationLandscapeRight";
				INFOPLIST_KEY_UISupportedInterfaceOrientations_iPhone = "UIInterfaceOrientationPortrait UIInterfaceOrientationLandscapeLeft UIInterfaceOrientationLandscapeRight";
				LD_RUNPATH_SEARCH_PATHS = (
					"$(inherited)",
					"@executable_path/Frameworks",
				);
				MARKETING_VERSION = 1.0;
				PRODUCT_BUNDLE_IDENTIFIER = viewconroller.MusicAPP;
				PRODUCT_NAME = "$(TARGET_NAME)";
				SWIFT_EMIT_LOC_STRINGS = YES;
				SWIFT_VERSION = 5.0;
				TARGETED_DEVICE_FAMILY = "1,2";
			};
			name = Debug;
		};
		70748A0E29A5EDA800682178 /* Release */ = {
			isa = XCBuildConfiguration;
			buildSettings = {
				ASSETCATALOG_COMPILER_APPICON_NAME = AppIcon;
				ASSETCATALOG_COMPILER_GLOBAL_ACCENT_COLOR_NAME = AccentColor;
				CODE_SIGN_STYLE = Automatic;
				CURRENT_PROJECT_VERSION = 1;
				DEVELOPMENT_ASSET_PATHS = "\"MusicAPP/Preview Content\"";
				ENABLE_PREVIEWS = YES;
				GENERATE_INFOPLIST_FILE = YES;
				INFOPLIST_FILE = MusicAPP/Info.plist;
				INFOPLIST_KEY_UIApplicationSceneManifest_Generation = YES;
				INFOPLIST_KEY_UIApplicationSupportsIndirectInputEvents = YES;
				INFOPLIST_KEY_UILaunchScreen_Generation = YES;
				INFOPLIST_KEY_UISupportedInterfaceOrientations_iPad = "UIInterfaceOrientationPortrait UIInterfaceOrientationPortraitUpsideDown UIInterfaceOrientationLandscapeLeft UIInterfaceOrientationLandscapeRight";
				INFOPLIST_KEY_UISupportedInterfaceOrientations_iPhone = "UIInterfaceOrientationPortrait UIInterfaceOrientationLandscapeLeft UIInterfaceOrientationLandscapeRight";
				LD_RUNPATH_SEARCH_PATHS = (
					"$(inherited)",
					"@executable_path/Frameworks",
				);
				MARKETING_VERSION = 1.0;
				PRODUCT_BUNDLE_IDENTIFIER = viewconroller.MusicAPP;
				PRODUCT_NAME = "$(TARGET_NAME)";
				SWIFT_EMIT_LOC_STRINGS = YES;
				SWIFT_VERSION = 5.0;
				TARGETED_DEVICE_FAMILY = "1,2";
			};
			name = Release;
		};
/* End XCBuildConfiguration section */

/* Begin XCConfigurationList section */
		707489F929A5EDA600682178 /* Build configuration list for PBXProject "MusicAPP" */ = {
			isa = XCConfigurationList;
			buildConfigurations = (
				70748A0A29A5EDA800682178 /* Debug */,
				70748A0B29A5EDA800682178 /* Release */,
			);
			defaultConfigurationIsVisible = 0;
			defaultConfigurationName = Release;
		};
		70748A0C29A5EDA800682178 /* Build configuration list for PBXNativeTarget "MusicAPP" */ = {
			isa = XCConfigurationList;
			buildConfigurations = (
				70748A0D29A5EDA800682178 /* Debug */,
				70748A0E29A5EDA800682178 /* Release */,
			);
			defaultConfigurationIsVisible = 0;
			defaultConfigurationName = Release;
		};
/* End XCConfigurationList section */

/* Begin XCRemoteSwiftPackageReference section */
		70AD851029A8CD8E00EF8851 /* XCRemoteSwiftPackageReference "firebase-ios-sdk" */ = {
			isa = XCRemoteSwiftPackageReference;
			repositoryURL = "https://github.com/firebase/firebase-ios-sdk";
			requirement = {
				kind = upToNextMajorVersion;
				minimumVersion = 9.0.0;
			};
		};
		70AD851329A8CDD400EF8851 /* XCRemoteSwiftPackageReference "GoogleSignin-iOS" */ = {
			isa = XCRemoteSwiftPackageReference;
			repositoryURL = "https://github.com/google/GoogleSignin-iOS/";
			requirement = {
				kind = upToNextMajorVersion;
				minimumVersion = 7.0.0;
			};
		};
		70D4C3A729B1B213001CAFAB /* XCRemoteSwiftPackageReference "iPhoneNumberField" */ = {
			isa = XCRemoteSwiftPackageReference;
			repositoryURL = "https://github.com/MojtabaHs/iPhoneNumberField.git";
			requirement = {
				kind = upToNextMajorVersion;
				minimumVersion = 0.9.0;
			};
		};
/* End XCRemoteSwiftPackageReference section */

/* Begin XCSwiftPackageProductDependency section */
		70AD851129A8CD8E00EF8851 /* FirebaseAuth */ = {
			isa = XCSwiftPackageProductDependency;
			package = 70AD851029A8CD8E00EF8851 /* XCRemoteSwiftPackageReference "firebase-ios-sdk" */;
			productName = FirebaseAuth;
		};
		70AD851429A8CDD500EF8851 /* GoogleSignIn */ = {
			isa = XCSwiftPackageProductDependency;
			package = 70AD851329A8CDD400EF8851 /* XCRemoteSwiftPackageReference "GoogleSignin-iOS" */;
			productName = GoogleSignIn;
		};
		70AD851629A8CDD500EF8851 /* GoogleSignInSwift */ = {
			isa = XCSwiftPackageProductDependency;
			package = 70AD851329A8CDD400EF8851 /* XCRemoteSwiftPackageReference "GoogleSignin-iOS" */;
			productName = GoogleSignInSwift;
		};
		70D4C3A829B1B213001CAFAB /* iPhoneNumberField */ = {
			isa = XCSwiftPackageProductDependency;
			package = 70D4C3A729B1B213001CAFAB /* XCRemoteSwiftPackageReference "iPhoneNumberField" */;
			productName = iPhoneNumberField;
		};
/* End XCSwiftPackageProductDependency section */

/* Begin XCVersionGroup section */
		70CC626B29AF1AB200366026 /* DataModel.xcdatamodeld */ = {
			isa = XCVersionGroup;
			children = (
				70CC626C29AF1AB200366026 /* DataModel.xcdatamodel */,
			);
			currentVersion = 70CC626C29AF1AB200366026 /* DataModel.xcdatamodel */;
			path = DataModel.xcdatamodeld;
			sourceTree = "<group>";
			versionGroupType = wrapper.xcdatamodel;
		};
/* End XCVersionGroup section */
	};
	rootObject = 707489F629A5EDA600682178 /* Project object */;
}
