// !$*UTF8*$!
{
	archiveVersion = 1;
	classes = {
	};
	objectVersion = 56;
	objects = {

/* Begin PBXBuildFile section */
		70748A0229A5EDA600682178 /* MusicAPPApp.swift in Sources */ = {isa = PBXBuildFile; fileRef = 70748A0129A5EDA600682178 /* MusicAPPApp.swift */; };
		70748A0629A5EDA800682178 /* ColorAssets.xcassets in Resources */ = {isa = PBXBuildFile; fileRef = 70748A0529A5EDA800682178 /* ColorAssets.xcassets */; };
		70748A0929A5EDA800682178 /* Preview Assets.xcassets in Resources */ = {isa = PBXBuildFile; fileRef = 70748A0829A5EDA800682178 /* Preview Assets.xcassets */; };
		70D2EB5629A5EE4A00795D96 /* ImageAssets.xcassets in Resources */ = {isa = PBXBuildFile; fileRef = 70D2EB5529A5EE4A00795D96 /* ImageAssets.xcassets */; };
		70D2EB5B29A5EED700795D96 /* MusicRootView.swift in Sources */ = {isa = PBXBuildFile; fileRef = 70D2EB5A29A5EED700795D96 /* MusicRootView.swift */; };
		70D2EB5E29A5EEF000795D96 /* HomeView.swift in Sources */ = {isa = PBXBuildFile; fileRef = 70D2EB5D29A5EEF000795D96 /* HomeView.swift */; };
		70D2EB6229A5EF2A00795D96 /* SearchView.swift in Sources */ = {isa = PBXBuildFile; fileRef = 70D2EB6129A5EF2A00795D96 /* SearchView.swift */; };
		70D2EB6629A5EF5100795D96 /* LibraryView.swift in Sources */ = {isa = PBXBuildFile; fileRef = 70D2EB6529A5EF5100795D96 /* LibraryView.swift */; };
		70D2EB6A29A5EF6B00795D96 /* ProfileView.swift in Sources */ = {isa = PBXBuildFile; fileRef = 70D2EB6929A5EF6B00795D96 /* ProfileView.swift */; };
/* End PBXBuildFile section */

/* Begin PBXFileReference section */
		707489FE29A5EDA600682178 /* MusicAPP.app */ = {isa = PBXFileReference; explicitFileType = wrapper.application; includeInIndex = 0; path = MusicAPP.app; sourceTree = BUILT_PRODUCTS_DIR; };
		70748A0129A5EDA600682178 /* MusicAPPApp.swift */ = {isa = PBXFileReference; lastKnownFileType = sourcecode.swift; path = MusicAPPApp.swift; sourceTree = "<group>"; };
		70748A0529A5EDA800682178 /* ColorAssets.xcassets */ = {isa = PBXFileReference; lastKnownFileType = folder.assetcatalog; path = ColorAssets.xcassets; sourceTree = "<group>"; };
		70748A0829A5EDA800682178 /* Preview Assets.xcassets */ = {isa = PBXFileReference; lastKnownFileType = folder.assetcatalog; path = "Preview Assets.xcassets"; sourceTree = "<group>"; };
		70D2EB5529A5EE4A00795D96 /* ImageAssets.xcassets */ = {isa = PBXFileReference; lastKnownFileType = folder.assetcatalog; path = ImageAssets.xcassets; sourceTree = "<group>"; };
		70D2EB5A29A5EED700795D96 /* MusicRootView.swift */ = {isa = PBXFileReference; lastKnownFileType = sourcecode.swift; path = MusicRootView.swift; sourceTree = "<group>"; };
		70D2EB5D29A5EEF000795D96 /* HomeView.swift */ = {isa = PBXFileReference; lastKnownFileType = sourcecode.swift; path = HomeView.swift; sourceTree = "<group>"; };
		70D2EB6129A5EF2A00795D96 /* SearchView.swift */ = {isa = PBXFileReference; lastKnownFileType = sourcecode.swift; path = SearchView.swift; sourceTree = "<group>"; };
		70D2EB6529A5EF5100795D96 /* LibraryView.swift */ = {isa = PBXFileReference; lastKnownFileType = sourcecode.swift; path = LibraryView.swift; sourceTree = "<group>"; };
		70D2EB6929A5EF6B00795D96 /* ProfileView.swift */ = {isa = PBXFileReference; lastKnownFileType = sourcecode.swift; path = ProfileView.swift; sourceTree = "<group>"; };
/* End PBXFileReference section */

/* Begin PBXFrameworksBuildPhase section */
		707489FB29A5EDA600682178 /* Frameworks */ = {
			isa = PBXFrameworksBuildPhase;
			buildActionMask = 2147483647;
			files = (
			);
			runOnlyForDeploymentPostprocessing = 0;
		};
/* End PBXFrameworksBuildPhase section */

/* Begin PBXGroup section */
		707489F529A5EDA600682178 = {
			isa = PBXGroup;
			children = (
				70748A0029A5EDA600682178 /* MusicAPP */,
				707489FF29A5EDA600682178 /* Products */,
			);
			sourceTree = "<group>";
		};
		707489FF29A5EDA600682178 /* Products */ = {
			isa = PBXGroup;
			children = (
				707489FE29A5EDA600682178 /* MusicAPP.app */,
			);
			name = Products;
			sourceTree = "<group>";
		};
		70748A0029A5EDA600682178 /* MusicAPP */ = {
			isa = PBXGroup;
			children = (
				70D2EB5329A5EE2D00795D96 /* Base */,
				70D2EB5229A5EE2700795D96 /* Resorces */,
				70D2EB5129A5EE2000795D96 /* Utility */,
				70D2EB5029A5EE1B00795D96 /* Model */,
				70D2EB4F29A5EE1500795D96 /* View */,
				70748A0729A5EDA800682178 /* Preview Content */,
			);
			path = MusicAPP;
			sourceTree = "<group>";
		};
		70748A0729A5EDA800682178 /* Preview Content */ = {
			isa = PBXGroup;
			children = (
				70748A0829A5EDA800682178 /* Preview Assets.xcassets */,
			);
			path = "Preview Content";
			sourceTree = "<group>";
		};
		70D2EB4F29A5EE1500795D96 /* View */ = {
			isa = PBXGroup;
			children = (
				70D2EB5929A5EEB200795D96 /* Authentication */,
				70D2EB5829A5EEA700795D96 /* Tabbar */,
			);
			path = View;
			sourceTree = "<group>";
		};
		70D2EB5029A5EE1B00795D96 /* Model */ = {
			isa = PBXGroup;
			children = (
			);
			path = Model;
			sourceTree = "<group>";
		};
		70D2EB5129A5EE2000795D96 /* Utility */ = {
			isa = PBXGroup;
			children = (
				70D2EB5729A5EE8E00795D96 /* Extenstion */,
			);
			path = Utility;
			sourceTree = "<group>";
		};
		70D2EB5229A5EE2700795D96 /* Resorces */ = {
			isa = PBXGroup;
			children = (
				70D2EB5429A5EE3400795D96 /* Assets */,
			);
			path = Resorces;
			sourceTree = "<group>";
		};
		70D2EB5329A5EE2D00795D96 /* Base */ = {
			isa = PBXGroup;
			children = (
				70748A0129A5EDA600682178 /* MusicAPPApp.swift */,
			);
			path = Base;
			sourceTree = "<group>";
		};
		70D2EB5429A5EE3400795D96 /* Assets */ = {
			isa = PBXGroup;
			children = (
				70748A0529A5EDA800682178 /* ColorAssets.xcassets */,
				70D2EB5529A5EE4A00795D96 /* ImageAssets.xcassets */,
			);
			path = Assets;
			sourceTree = "<group>";
		};
		70D2EB5729A5EE8E00795D96 /* Extenstion */ = {
			isa = PBXGroup;
			children = (
			);
			path = Extenstion;
			sourceTree = "<group>";
		};
		70D2EB5829A5EEA700795D96 /* Tabbar */ = {
			isa = PBXGroup;
			children = (
				70D2EB5A29A5EED700795D96 /* MusicRootView.swift */,
				70D2EB5C29A5EEE600795D96 /* Home */,
				70D2EB6029A5EEFC00795D96 /* Search */,
				70D2EB6429A5EF3900795D96 /* Your Library */,
				70D2EB6829A5EF5F00795D96 /* Profile */,
			);
			path = Tabbar;
			sourceTree = "<group>";
		};
		70D2EB5929A5EEB200795D96 /* Authentication */ = {
			isa = PBXGroup;
			children = (
				70D2EB6F29A5EFE200795D96 /* Walkthrough */,
				70D2EB6D29A5EFC400795D96 /* SignIN */,
				70D2EB6E29A5EFD000795D96 /* SignUp */,
			);
			path = Authentication;
			sourceTree = "<group>";
		};
		70D2EB5C29A5EEE600795D96 /* Home */ = {
			isa = PBXGroup;
			children = (
				70D2EB5F29A5EEF300795D96 /* HomeViewModel */,
				70D2EB5D29A5EEF000795D96 /* HomeView.swift */,
			);
			path = Home;
			sourceTree = "<group>";
		};
		70D2EB5F29A5EEF300795D96 /* HomeViewModel */ = {
			isa = PBXGroup;
			children = (
			);
			path = HomeViewModel;
			sourceTree = "<group>";
		};
		70D2EB6029A5EEFC00795D96 /* Search */ = {
			isa = PBXGroup;
			children = (
				70D2EB6329A5EF2E00795D96 /* SerachViewModel */,
				70D2EB6129A5EF2A00795D96 /* SearchView.swift */,
			);
			path = Search;
			sourceTree = "<group>";
		};
		70D2EB6329A5EF2E00795D96 /* SerachViewModel */ = {
			isa = PBXGroup;
			children = (
			);
			path = SerachViewModel;
			sourceTree = "<group>";
		};
		70D2EB6429A5EF3900795D96 /* Your Library */ = {
			isa = PBXGroup;
			children = (
				70D2EB6729A5EF5400795D96 /* LibrearyViewModel */,
				70D2EB6529A5EF5100795D96 /* LibraryView.swift */,
			);
			path = "Your Library";
			sourceTree = "<group>";
		};
		70D2EB6729A5EF5400795D96 /* LibrearyViewModel */ = {
			isa = PBXGroup;
			children = (
			);
			path = LibrearyViewModel;
			sourceTree = "<group>";
		};
		70D2EB6829A5EF5F00795D96 /* Profile */ = {
			isa = PBXGroup;
			children = (
				70D2EB6C29A5EF8100795D96 /* ProfileViewModel */,
				70D2EB6929A5EF6B00795D96 /* ProfileView.swift */,
			);
			path = Profile;
			sourceTree = "<group>";
		};
		70D2EB6C29A5EF8100795D96 /* ProfileViewModel */ = {
			isa = PBXGroup;
			children = (
			);
			path = ProfileViewModel;
			sourceTree = "<group>";
		};
		70D2EB6D29A5EFC400795D96 /* SignIN */ = {
			isa = PBXGroup;
			children = (
			);
			path = SignIN;
			sourceTree = "<group>";
		};
		70D2EB6E29A5EFD000795D96 /* SignUp */ = {
			isa = PBXGroup;
			children = (
			);
			path = SignUp;
			sourceTree = "<group>";
		};
		70D2EB6F29A5EFE200795D96 /* Walkthrough */ = {
			isa = PBXGroup;
			children = (
			);
			path = Walkthrough;
			sourceTree = "<group>";
		};
/* End PBXGroup section */

/* Begin PBXNativeTarget section */
		707489FD29A5EDA600682178 /* MusicAPP */ = {
			isa = PBXNativeTarget;
			buildConfigurationList = 70748A0C29A5EDA800682178 /* Build configuration list for PBXNativeTarget "MusicAPP" */;
			buildPhases = (
				707489FA29A5EDA600682178 /* Sources */,
				707489FB29A5EDA600682178 /* Frameworks */,
				707489FC29A5EDA600682178 /* Resources */,
			);
			buildRules = (
			);
			dependencies = (
			);
			name = MusicAPP;
			productName = MusicAPP;
			productReference = 707489FE29A5EDA600682178 /* MusicAPP.app */;
			productType = "com.apple.product-type.application";
		};
/* End PBXNativeTarget section */

/* Begin PBXProject section */
		707489F629A5EDA600682178 /* Project object */ = {
			isa = PBXProject;
			attributes = {
				BuildIndependentTargetsInParallel = 1;
				LastSwiftUpdateCheck = 1410;
				LastUpgradeCheck = 1410;
				TargetAttributes = {
					707489FD29A5EDA600682178 = {
						CreatedOnToolsVersion = 14.1;
					};
				};
			};
			buildConfigurationList = 707489F929A5EDA600682178 /* Build configuration list for PBXProject "MusicAPP" */;
			compatibilityVersion = "Xcode 14.0";
			developmentRegion = en;
			hasScannedForEncodings = 0;
			knownRegions = (
				en,
				Base,
			);
			mainGroup = 707489F529A5EDA600682178;
			productRefGroup = 707489FF29A5EDA600682178 /* Products */;
			projectDirPath = "";
			projectRoot = "";
			targets = (
				707489FD29A5EDA600682178 /* MusicAPP */,
			);
		};
/* End PBXProject section */

/* Begin PBXResourcesBuildPhase section */
		707489FC29A5EDA600682178 /* Resources */ = {
			isa = PBXResourcesBuildPhase;
			buildActionMask = 2147483647;
			files = (
				70748A0929A5EDA800682178 /* Preview Assets.xcassets in Resources */,
				70748A0629A5EDA800682178 /* ColorAssets.xcassets in Resources */,
				70D2EB5629A5EE4A00795D96 /* ImageAssets.xcassets in Resources */,
			);
			runOnlyForDeploymentPostprocessing = 0;
		};
/* End PBXResourcesBuildPhase section */

/* Begin PBXSourcesBuildPhase section */
		707489FA29A5EDA600682178 /* Sources */ = {
			isa = PBXSourcesBuildPhase;
			buildActionMask = 2147483647;
			files = (
				70D2EB6229A5EF2A00795D96 /* SearchView.swift in Sources */,
				70D2EB5E29A5EEF000795D96 /* HomeView.swift in Sources */,
				70D2EB5B29A5EED700795D96 /* MusicRootView.swift in Sources */,
				70D2EB6629A5EF5100795D96 /* LibraryView.swift in Sources */,
				70D2EB6A29A5EF6B00795D96 /* ProfileView.swift in Sources */,
				70748A0229A5EDA600682178 /* MusicAPPApp.swift in Sources */,
			);
			runOnlyForDeploymentPostprocessing = 0;
		};
/* End PBXSourcesBuildPhase section */

/* Begin XCBuildConfiguration section */
		70748A0A29A5EDA800682178 /* Debug */ = {
			isa = XCBuildConfiguration;
			buildSettings = {
				ALWAYS_SEARCH_USER_PATHS = NO;
				CLANG_ANALYZER_NONNULL = YES;
				CLANG_ANALYZER_NUMBER_OBJECT_CONVERSION = YES_AGGRESSIVE;
				CLANG_CXX_LANGUAGE_STANDARD = "gnu++20";
				CLANG_ENABLE_MODULES = YES;
				CLANG_ENABLE_OBJC_ARC = YES;
				CLANG_ENABLE_OBJC_WEAK = YES;
				CLANG_WARN_BLOCK_CAPTURE_AUTORELEASING = YES;
				CLANG_WARN_BOOL_CONVERSION = YES;
				CLANG_WARN_COMMA = YES;
				CLANG_WARN_CONSTANT_CONVERSION = YES;
				CLANG_WARN_DEPRECATED_OBJC_IMPLEMENTATIONS = YES;
				CLANG_WARN_DIRECT_OBJC_ISA_USAGE = YES_ERROR;
				CLANG_WARN_DOCUMENTATION_COMMENTS = YES;
				CLANG_WARN_EMPTY_BODY = YES;
				CLANG_WARN_ENUM_CONVERSION = YES;
				CLANG_WARN_INFINITE_RECURSION = YES;
				CLANG_WARN_INT_CONVERSION = YES;
				CLANG_WARN_NON_LITERAL_NULL_CONVERSION = YES;
				CLANG_WARN_OBJC_IMPLICIT_RETAIN_SELF = YES;
				CLANG_WARN_OBJC_LITERAL_CONVERSION = YES;
				CLANG_WARN_OBJC_ROOT_CLASS = YES_ERROR;
				CLANG_WARN_QUOTED_INCLUDE_IN_FRAMEWORK_HEADER = YES;
				CLANG_WARN_RANGE_LOOP_ANALYSIS = YES;
				CLANG_WARN_STRICT_PROTOTYPES = YES;
				CLANG_WARN_SUSPICIOUS_MOVE = YES;
				CLANG_WARN_UNGUARDED_AVAILABILITY = YES_AGGRESSIVE;
				CLANG_WARN_UNREACHABLE_CODE = YES;
				CLANG_WARN__DUPLICATE_METHOD_MATCH = YES;
				COPY_PHASE_STRIP = NO;
				DEBUG_INFORMATION_FORMAT = dwarf;
				ENABLE_STRICT_OBJC_MSGSEND = YES;
				ENABLE_TESTABILITY = YES;
				GCC_C_LANGUAGE_STANDARD = gnu11;
				GCC_DYNAMIC_NO_PIC = NO;
				GCC_NO_COMMON_BLOCKS = YES;
				GCC_OPTIMIZATION_LEVEL = 0;
				GCC_PREPROCESSOR_DEFINITIONS = (
					"DEBUG=1",
					"$(inherited)",
				);
				GCC_WARN_64_TO_32_BIT_CONVERSION = YES;
				GCC_WARN_ABOUT_RETURN_TYPE = YES_ERROR;
				GCC_WARN_UNDECLARED_SELECTOR = YES;
				GCC_WARN_UNINITIALIZED_AUTOS = YES_AGGRESSIVE;
				GCC_WARN_UNUSED_FUNCTION = YES;
				GCC_WARN_UNUSED_VARIABLE = YES;
				IPHONEOS_DEPLOYMENT_TARGET = 16.1;
				MTL_ENABLE_DEBUG_INFO = INCLUDE_SOURCE;
				MTL_FAST_MATH = YES;
				ONLY_ACTIVE_ARCH = YES;
				SDKROOT = iphoneos;
				SWIFT_ACTIVE_COMPILATION_CONDITIONS = DEBUG;
				SWIFT_OPTIMIZATION_LEVEL = "-Onone";
			};
			name = Debug;
		};
		70748A0B29A5EDA800682178 /* Release */ = {
			isa = XCBuildConfiguration;
			buildSettings = {
				ALWAYS_SEARCH_USER_PATHS = NO;
				CLANG_ANALYZER_NONNULL = YES;
				CLANG_ANALYZER_NUMBER_OBJECT_CONVERSION = YES_AGGRESSIVE;
				CLANG_CXX_LANGUAGE_STANDARD = "gnu++20";
				CLANG_ENABLE_MODULES = YES;
				CLANG_ENABLE_OBJC_ARC = YES;
				CLANG_ENABLE_OBJC_WEAK = YES;
				CLANG_WARN_BLOCK_CAPTURE_AUTORELEASING = YES;
				CLANG_WARN_BOOL_CONVERSION = YES;
				CLANG_WARN_COMMA = YES;
				CLANG_WARN_CONSTANT_CONVERSION = YES;
				CLANG_WARN_DEPRECATED_OBJC_IMPLEMENTATIONS = YES;
				CLANG_WARN_DIRECT_OBJC_ISA_USAGE = YES_ERROR;
				CLANG_WARN_DOCUMENTATION_COMMENTS = YES;
				CLANG_WARN_EMPTY_BODY = YES;
				CLANG_WARN_ENUM_CONVERSION = YES;
				CLANG_WARN_INFINITE_RECURSION = YES;
				CLANG_WARN_INT_CONVERSION = YES;
				CLANG_WARN_NON_LITERAL_NULL_CONVERSION = YES;
				CLANG_WARN_OBJC_IMPLICIT_RETAIN_SELF = YES;
				CLANG_WARN_OBJC_LITERAL_CONVERSION = YES;
				CLANG_WARN_OBJC_ROOT_CLASS = YES_ERROR;
				CLANG_WARN_QUOTED_INCLUDE_IN_FRAMEWORK_HEADER = YES;
				CLANG_WARN_RANGE_LOOP_ANALYSIS = YES;
				CLANG_WARN_STRICT_PROTOTYPES = YES;
				CLANG_WARN_SUSPICIOUS_MOVE = YES;
				CLANG_WARN_UNGUARDED_AVAILABILITY = YES_AGGRESSIVE;
				CLANG_WARN_UNREACHABLE_CODE = YES;
				CLANG_WARN__DUPLICATE_METHOD_MATCH = YES;
				COPY_PHASE_STRIP = NO;
				DEBUG_INFORMATION_FORMAT = "dwarf-with-dsym";
				ENABLE_NS_ASSERTIONS = NO;
				ENABLE_STRICT_OBJC_MSGSEND = YES;
				GCC_C_LANGUAGE_STANDARD = gnu11;
				GCC_NO_COMMON_BLOCKS = YES;
				GCC_WARN_64_TO_32_BIT_CONVERSION = YES;
				GCC_WARN_ABOUT_RETURN_TYPE = YES_ERROR;
				GCC_WARN_UNDECLARED_SELECTOR = YES;
				GCC_WARN_UNINITIALIZED_AUTOS = YES_AGGRESSIVE;
				GCC_WARN_UNUSED_FUNCTION = YES;
				GCC_WARN_UNUSED_VARIABLE = YES;
				IPHONEOS_DEPLOYMENT_TARGET = 16.1;
				MTL_ENABLE_DEBUG_INFO = NO;
				MTL_FAST_MATH = YES;
				SDKROOT = iphoneos;
				SWIFT_COMPILATION_MODE = wholemodule;
				SWIFT_OPTIMIZATION_LEVEL = "-O";
				VALIDATE_PRODUCT = YES;
			};
			name = Release;
		};
		70748A0D29A5EDA800682178 /* Debug */ = {
			isa = XCBuildConfiguration;
			buildSettings = {
				ASSETCATALOG_COMPILER_APPICON_NAME = AppIcon;
				ASSETCATALOG_COMPILER_GLOBAL_ACCENT_COLOR_NAME = AccentColor;
				CODE_SIGN_STYLE = Automatic;
				CURRENT_PROJECT_VERSION = 1;
				DEVELOPMENT_ASSET_PATHS = "\"MusicAPP/Preview Content\"";
				ENABLE_PREVIEWS = YES;
				GENERATE_INFOPLIST_FILE = YES;
				INFOPLIST_KEY_UIApplicationSceneManifest_Generation = YES;
				INFOPLIST_KEY_UIApplicationSupportsIndirectInputEvents = YES;
				INFOPLIST_KEY_UILaunchScreen_Generation = YES;
				INFOPLIST_KEY_UISupportedInterfaceOrientations_iPad = "UIInterfaceOrientationPortrait UIInterfaceOrientationPortraitUpsideDown UIInterfaceOrientationLandscapeLeft UIInterfaceOrientationLandscapeRight";
				INFOPLIST_KEY_UISupportedInterfaceOrientations_iPhone = "UIInterfaceOrientationPortrait UIInterfaceOrientationLandscapeLeft UIInterfaceOrientationLandscapeRight";
				LD_RUNPATH_SEARCH_PATHS = (
					"$(inherited)",
					"@executable_path/Frameworks",
				);
				MARKETING_VERSION = 1.0;
				PRODUCT_BUNDLE_IDENTIFIER = viewconroller.MusicAPP;
				PRODUCT_NAME = "$(TARGET_NAME)";
				SWIFT_EMIT_LOC_STRINGS = YES;
				SWIFT_VERSION = 5.0;
				TARGETED_DEVICE_FAMILY = "1,2";
			};
			name = Debug;
		};
		70748A0E29A5EDA800682178 /* Release */ = {
			isa = XCBuildConfiguration;
			buildSettings = {
				ASSETCATALOG_COMPILER_APPICON_NAME = AppIcon;
				ASSETCATALOG_COMPILER_GLOBAL_ACCENT_COLOR_NAME = AccentColor;
				CODE_SIGN_STYLE = Automatic;
				CURRENT_PROJECT_VERSION = 1;
				DEVELOPMENT_ASSET_PATHS = "\"MusicAPP/Preview Content\"";
				ENABLE_PREVIEWS = YES;
				GENERATE_INFOPLIST_FILE = YES;
				INFOPLIST_KEY_UIApplicationSceneManifest_Generation = YES;
				INFOPLIST_KEY_UIApplicationSupportsIndirectInputEvents = YES;
				INFOPLIST_KEY_UILaunchScreen_Generation = YES;
				INFOPLIST_KEY_UISupportedInterfaceOrientations_iPad = "UIInterfaceOrientationPortrait UIInterfaceOrientationPortraitUpsideDown UIInterfaceOrientationLandscapeLeft UIInterfaceOrientationLandscapeRight";
				INFOPLIST_KEY_UISupportedInterfaceOrientations_iPhone = "UIInterfaceOrientationPortrait UIInterfaceOrientationLandscapeLeft UIInterfaceOrientationLandscapeRight";
				LD_RUNPATH_SEARCH_PATHS = (
					"$(inherited)",
					"@executable_path/Frameworks",
				);
				MARKETING_VERSION = 1.0;
				PRODUCT_BUNDLE_IDENTIFIER = viewconroller.MusicAPP;
				PRODUCT_NAME = "$(TARGET_NAME)";
				SWIFT_EMIT_LOC_STRINGS = YES;
				SWIFT_VERSION = 5.0;
				TARGETED_DEVICE_FAMILY = "1,2";
			};
			name = Release;
		};
/* End XCBuildConfiguration section */

/* Begin XCConfigurationList section */
		707489F929A5EDA600682178 /* Build configuration list for PBXProject "MusicAPP" */ = {
			isa = XCConfigurationList;
			buildConfigurations = (
				70748A0A29A5EDA800682178 /* Debug */,
				70748A0B29A5EDA800682178 /* Release */,
			);
			defaultConfigurationIsVisible = 0;
			defaultConfigurationName = Release;
		};
		70748A0C29A5EDA800682178 /* Build configuration list for PBXNativeTarget "MusicAPP" */ = {
			isa = XCConfigurationList;
			buildConfigurations = (
				70748A0D29A5EDA800682178 /* Debug */,
				70748A0E29A5EDA800682178 /* Release */,
			);
			defaultConfigurationIsVisible = 0;
			defaultConfigurationName = Release;
		};
/* End XCConfigurationList section */
	};
	rootObject = 707489F629A5EDA600682178 /* Project object */;
}
